{
    "name": "typescript-trace-decorator-plugin",
    "version": "0.0.1",
    "lockfileVersion": 3,
    "requires": true,
    "packages": {
        "": {
            "name": "typescript-trace-decorator-plugin",
            "version": "0.0.1",
            "license": "MIT",
            "devDependencies": {
                "@types/node": "^16.0.0",
                "typescript": "^5.5.2"
            }
        },
        "node_modules/@types/node": {
            "version": "16.18.105",
            "resolved": "https://registry.npmjs.org/@types/node/-/node-16.18.105.tgz",
            "integrity": "sha512-w2d0Z9yMk07uH3+Cx0N8lqFyi3yjXZxlbYappPj+AsOlT02OyxyiuNoNHdGt6EuiSm8Wtgp2YV7vWg+GMFrvFA==",
            "dev": true
        },
        "node_modules/typescript": {
            "version": "5.5.4",
            "resolved": "https://registry.npmjs.org/typescript/-/typescript-5.5.4.tgz",
            "integrity": "sha512-Mtq29sKDAEYP7aljRgtPOpTvOfbwRWlS6dPRzwjdE+C0R4brX/GUyhHSecbHMFLNBLcJIPt9nl9yG5TZ1weH+Q==",
            "dev": true,
            "bin": {
                "tsc": "bin/tsc",
                "tsserver": "bin/tsserver"
            },
            "engines": {
                "node": ">=14.17"
            }
        }
    }
}
